
Microsoft Visual Studio Solution File, Format Version 12.00
# Visual Studio Version 17
VisualStudioVersion = 17.0.31903.59
MinimumVisualStudioVersion = 10.0.40219.1
Project("{9A19103F-16F7-4668-BE54-9A1E7A4F7556}") = "KelimeDefteri", "KelimeDefteri.csproj", "{6CCD87A1-9AB5-4405-B267-4E70F3757E9B}"
EndProject
Project("{FAE04EC0-301F-11D3-BF4B-00C04F79EFBC}") = "KelimeDefteri.Tests", "..\KelimeDefteri.Tests\KelimeDefteri.Tests.csproj", "{5043686B-364C-4C07-B9B3-424D1D45DBC0}"
EndProject
Global
	GlobalSection(SolutionConfigurationPlatforms) = preSolution
		Debug|Any CPU = Debug|Any CPU
		Release|Any CPU = Release|Any CPU
	EndGlobalSection
	GlobalSection(ProjectConfigurationPlatforms) = postSolution
		{6CCD87A1-9AB5-4405-B267-4E70F3757E9B}.Debug|Any CPU.ActiveCfg = Debug|Any CPU
		{6CCD87A1-9AB5-4405-B267-4E70F3757E9B}.Debug|Any CPU.Build.0 = Debug|Any CPU
		{6CCD87A1-9AB5-4405-B267-4E70F3757E9B}.Release|Any CPU.ActiveCfg = Release|Any CPU
		{6CCD87A1-9AB5-4405-B267-4E70F3757E9B}.Release|Any CPU.Build.0 = Release|Any CPU
		{5043686B-364C-4C07-B9B3-424D1D45DBC0}.Debug|Any CPU.ActiveCfg = Debug|Any CPU
		{5043686B-364C-4C07-B9B3-424D1D45DBC0}.Debug|Any CPU.Build.0 = Debug|Any CPU
		{5043686B-364C-4C07-B9B3-424D1D45DBC0}.Release|Any CPU.ActiveCfg = Release|Any CPU
		{5043686B-364C-4C07-B9B3-424D1D45DBC0}.Release|Any CPU.Build.0 = Release|Any CPU
	EndGlobalSection
	GlobalSection(SolutionProperties) = preSolution
		HideSolutionNode = FALSE
	EndGlobalSection
	GlobalSection(ExtensibilityGlobals) = postSolution
		SolutionGuid = {56FE3ACB-8466-4B28-AE36-41AFDBD77126}
	EndGlobalSection
EndGlobal
